
Microsoft Visual Studio Solution File, Format Version 12.00
# Visual Studio Version 17
VisualStudioVersion = 17.0.31903.59
MinimumVisualStudioVersion = 10.0.40219.1
Project("{FAE04EC0-301F-11D3-BF4B-00C04F79EFBC}") = "DotnetNiger.Api", "DotnetNiger.Api\DotnetNiger.Api.csproj", "{A826491C-5E16-4D73-9021-DFA4CC9023AA}"
EndProject
Project("{FAE04EC0-301F-11D3-BF4B-00C04F79EFBC}") = "DotnetNiger.UI", "DotnetNiger.UI\DotnetNiger.UI.csproj", "{7FF41749-F837-4549-84E4-7357BC001AEF}"
EndProject
Global
	GlobalSection(SolutionConfigurationPlatforms) = preSolution
		Debug|Any CPU = Debug|Any CPU
		Debug|x64 = Debug|x64
		Debug|x86 = Debug|x86
		Release|Any CPU = Release|Any CPU
		Release|x64 = Release|x64
		Release|x86 = Release|x86
	EndGlobalSection
	GlobalSection(ProjectConfigurationPlatforms) = postSolution
		{A826491C-5E16-4D73-9021-DFA4CC9023AA}.Debug|Any CPU.ActiveCfg = Debug|Any CPU
		{A826491C-5E16-4D73-9021-DFA4CC9023AA}.Debug|Any CPU.Build.0 = Debug|Any CPU
		{A826491C-5E16-4D73-9021-DFA4CC9023AA}.Debug|x64.ActiveCfg = Debug|Any CPU
		{A826491C-5E16-4D73-9021-DFA4CC9023AA}.Debug|x64.Build.0 = Debug|Any CPU
		{A826491C-5E16-4D73-9021-DFA4CC9023AA}.Debug|x86.ActiveCfg = Debug|Any CPU
		{A826491C-5E16-4D73-9021-DFA4CC9023AA}.Debug|x86.Build.0 = Debug|Any CPU
		{A826491C-5E16-4D73-9021-DFA4CC9023AA}.Release|Any CPU.ActiveCfg = Release|Any CPU
		{A826491C-5E16-4D73-9021-DFA4CC9023AA}.Release|Any CPU.Build.0 = Release|Any CPU
		{A826491C-5E16-4D73-9021-DFA4CC9023AA}.Release|x64.ActiveCfg = Release|Any CPU
		{A826491C-5E16-4D73-9021-DFA4CC9023AA}.Release|x64.Build.0 = Release|Any CPU
		{A826491C-5E16-4D73-9021-DFA4CC9023AA}.Release|x86.ActiveCfg = Release|Any CPU
		{A826491C-5E16-4D73-9021-DFA4CC9023AA}.Release|x86.Build.0 = Release|Any CPU
		{7FF41749-F837-4549-84E4-7357BC001AEF}.Debug|Any CPU.ActiveCfg = Debug|Any CPU
		{7FF41749-F837-4549-84E4-7357BC001AEF}.Debug|Any CPU.Build.0 = Debug|Any CPU
		{7FF41749-F837-4549-84E4-7357BC001AEF}.Debug|x64.ActiveCfg = Debug|Any CPU
		{7FF41749-F837-4549-84E4-7357BC001AEF}.Debug|x64.Build.0 = Debug|Any CPU
		{7FF41749-F837-4549-84E4-7357BC001AEF}.Debug|x86.ActiveCfg = Debug|Any CPU
		{7FF41749-F837-4549-84E4-7357BC001AEF}.Debug|x86.Build.0 = Debug|Any CPU
		{7FF41749-F837-4549-84E4-7357BC001AEF}.Release|Any CPU.ActiveCfg = Release|Any CPU
		{7FF41749-F837-4549-84E4-7357BC001AEF}.Release|Any CPU.Build.0 = Release|Any CPU
		{7FF41749-F837-4549-84E4-7357BC001AEF}.Release|x64.ActiveCfg = Release|Any CPU
		{7FF41749-F837-4549-84E4-7357BC001AEF}.Release|x64.Build.0 = Release|Any CPU
		{7FF41749-F837-4549-84E4-7357BC001AEF}.Release|x86.ActiveCfg = Release|Any CPU
		{7FF41749-F837-4549-84E4-7357BC001AEF}.Release|x86.Build.0 = Release|Any CPU
	EndGlobalSection
	GlobalSection(SolutionProperties) = preSolution
		HideSolutionNode = FALSE
	EndGlobalSection
EndGlobal
